version = 1
revision = 2
requires-python = ">=3.13"

[[package]]
name = "nextop-firewall"
version = "0.1.0"
source = { virtual = "." }
dependencies = [
    { name = "pydivert" },
    { name = "scapy" },
]

[package.metadata]
requires-dist = [
    { name = "pydivert", specifier = ">=2.1.0" },
    { name = "scapy", specifier = ">=2.6.1" },
]

[[package]]
name = "pydivert"
version = "2.1.0"
source = { registry = "https://pypi.org/simple" }
sdist = { url = "https://files.pythonhosted.org/packages/cf/71/2da9bcf742df3ab23f75f10fedca074951dd13a84bda8dea3077f68ae9a6/pydivert-2.1.0.tar.gz", hash = "sha256:f0e150f4ff591b78e35f514e319561dadff7f24a82186a171dd4d465483de5b4", size = 91057, upload-time = "2017-10-20T21:36:58.165Z" }
wheels = [
    { url = "https://files.pythonhosted.org/packages/ca/8f/86d7931c62013a5a7ebf4e1642a87d4a6050c0f570e714f61b0df1984c62/pydivert-2.1.0-py2.py3-none-any.whl", hash = "sha256:382db488e3c37c03ec9ec94e061a0b24334d78dbaeebb7d4e4d32ce4355d9da1", size = 104718, upload-time = "2017-10-20T21:36:56.726Z" },
]

[[package]]
name = "scapy"
version = "2.6.1"
source = { registry = "https://pypi.org/simple" }
sdist = { url = "https://files.pythonhosted.org/packages/df/2f/035d3888f26d999e9680af8c7ddb7ce4ea0fd8d0e01c000de634c22dcf13/scapy-2.6.1.tar.gz", hash = "sha256:7600d7e2383c853e5c3a6e05d37e17643beebf2b3e10d7914dffcc3bc3c6e6c5", size = 2247754, upload-time = "2024-11-05T08:43:23.488Z" }
wheels = [
    { url = "https://files.pythonhosted.org/packages/4b/34/8695b43af99d0c796e4b7933a0d7df8925f43a8abdd0ff0f6297beb4de3a/scapy-2.6.1-py3-none-any.whl", hash = "sha256:88a998572049b511a1f3e44f4aa7c62dd39c6ea2aa1bb58434f503956641789d", size = 2420670, upload-time = "2024-11-05T08:43:21.285Z" },
]
